// !$*UTF8*$!
{
	archiveVersion = 1;
	classes = {
	};
	objectVersion = 46;
	objects = {

/* Begin PBXBuildFile section */
		481E892B1702452C00EE9988 /* SenTestingKit.framework in Frameworks */ = {isa = PBXBuildFile; fileRef = 481E892A1702452C00EE9988 /* SenTestingKit.framework */; };
		481E892C1702452C00EE9988 /* UIKit.framework in Frameworks */ = {isa = PBXBuildFile; fileRef = 48ABEA0216E957190055E822 /* UIKit.framework */; };
		481E892D1702452C00EE9988 /* Foundation.framework in Frameworks */ = {isa = PBXBuildFile; fileRef = 48ABEA0416E957190055E822 /* Foundation.framework */; };
		481E89331702452C00EE9988 /* InfoPlist.strings in Resources */ = {isa = PBXBuildFile; fileRef = 481E89311702452C00EE9988 /* InfoPlist.strings */; };
		481E89361702452C00EE9988 /* MatchismoTests.m in Sources */ = {isa = PBXBuildFile; fileRef = 481E89351702452C00EE9988 /* MatchismoTests.m */; };
		482B277C16F8D389005BB9B6 /* playingcardback.png in Resources */ = {isa = PBXBuildFile; fileRef = 482B277B16F8D389005BB9B6 /* playingcardback.png */; };
		4833719C16F1A5D200436B7D /* CardMatchingGame.m in Sources */ = {isa = PBXBuildFile; fileRef = 4833719B16F1A5D200436B7D /* CardMatchingGame.m */; };
		483994FB16F19231008811FF /* CardButton.m in Sources */ = {isa = PBXBuildFile; fileRef = 483994FA16F19231008811FF /* CardButton.m */; };
		483994FE16F19882008811FF /* GameResultsViewController.m in Sources */ = {isa = PBXBuildFile; fileRef = 483994FD16F19882008811FF /* GameResultsViewController.m */; };
		484FE2AD170C974100D93110 /* CardGameViewController.m in Sources */ = {isa = PBXBuildFile; fileRef = 484FE2AC170C974100D93110 /* CardGameViewController.m */; };
		4891A46116FA29EC002FED19 /* Card.m in Sources */ = {isa = PBXBuildFile; fileRef = 489C4AEA16F1459800DB98D9 /* Card.m */; };
		489C4AEE16F145F800DB98D9 /* Deck.m in Sources */ = {isa = PBXBuildFile; fileRef = 489C4AED16F145F800DB98D9 /* Deck.m */; };
		489C4AF116F1483700DB98D9 /* PlayingCard.m in Sources */ = {isa = PBXBuildFile; fileRef = 489C4AF016F1483700DB98D9 /* PlayingCard.m */; };
		489C4AF416F14F1A00DB98D9 /* PlayingCardDeck.m in Sources */ = {isa = PBXBuildFile; fileRef = 489C4AF316F14F1A00DB98D9 /* PlayingCardDeck.m */; };
		48ABEA0316E957190055E822 /* UIKit.framework in Frameworks */ = {isa = PBXBuildFile; fileRef = 48ABEA0216E957190055E822 /* UIKit.framework */; };
		48ABEA0516E957190055E822 /* Foundation.framework in Frameworks */ = {isa = PBXBuildFile; fileRef = 48ABEA0416E957190055E822 /* Foundation.framework */; };
		48ABEA0716E957190055E822 /* CoreGraphics.framework in Frameworks */ = {isa = PBXBuildFile; fileRef = 48ABEA0616E957190055E822 /* CoreGraphics.framework */; };
		48ABEA0D16E957190055E822 /* InfoPlist.strings in Resources */ = {isa = PBXBuildFile; fileRef = 48ABEA0B16E957190055E822 /* InfoPlist.strings */; };
		48ABEA0F16E957190055E822 /* main.m in Sources */ = {isa = PBXBuildFile; fileRef = 48ABEA0E16E957190055E822 /* main.m */; };
		48ABEA1316E957190055E822 /* CardGameAppDelegate.m in Sources */ = {isa = PBXBuildFile; fileRef = 48ABEA1216E957190055E822 /* CardGameAppDelegate.m */; };
		48ABEA1516E957190055E822 /* Default.png in Resources */ = {isa = PBXBuildFile; fileRef = 48ABEA1416E957190055E822 /* Default.png */; };
		48ABEA1716E957190055E822 /* Default@2x.png in Resources */ = {isa = PBXBuildFile; fileRef = 48ABEA1616E957190055E822 /* Default@2x.png */; };
		48ABEA1916E957190055E822 /* Default-568h@2x.png in Resources */ = {isa = PBXBuildFile; fileRef = 48ABEA1816E957190055E822 /* Default-568h@2x.png */; };
		48ABEA1C16E957190055E822 /* MainStoryboard.storyboard in Resources */ = {isa = PBXBuildFile; fileRef = 48ABEA1A16E957190055E822 /* MainStoryboard.storyboard */; };
		48ABEA1F16E957190055E822 /* MatchingGameViewController.m in Sources */ = {isa = PBXBuildFile; fileRef = 48ABEA1E16E957190055E822 /* MatchingGameViewController.m */; };
		48B3DBB516FAA1DB003C5E50 /* SetsCardGame.m in Sources */ = {isa = PBXBuildFile; fileRef = 48B3DBB416FAA1DB003C5E50 /* SetsCardGame.m */; };
		48B3DBB816FC1448003C5E50 /* SetsCard.m in Sources */ = {isa = PBXBuildFile; fileRef = 48B3DBB716FC1448003C5E50 /* SetsCard.m */; };
		48B3DBBB16FC268B003C5E50 /* SetsCardDeck.m in Sources */ = {isa = PBXBuildFile; fileRef = 48B3DBBA16FC268B003C5E50 /* SetsCardDeck.m */; };
		48C1DA77170B337900A7E3D4 /* SetsGameTests.m in Sources */ = {isa = PBXBuildFile; fileRef = 48C1DA76170B337900A7E3D4 /* SetsGameTests.m */; };
		48C1DA78170B36EA00A7E3D4 /* SetsCard.m in Sources */ = {isa = PBXBuildFile; fileRef = 48B3DBB716FC1448003C5E50 /* SetsCard.m */; };
		48C1DA79170B36F000A7E3D4 /* SetsCardGame.m in Sources */ = {isa = PBXBuildFile; fileRef = 48B3DBB416FAA1DB003C5E50 /* SetsCardGame.m */; };
		48C1DA7A170B371F00A7E3D4 /* Card.m in Sources */ = {isa = PBXBuildFile; fileRef = 489C4AEA16F1459800DB98D9 /* Card.m */; };
		48C1DA7B170B372700A7E3D4 /* CardGame.m in Sources */ = {isa = PBXBuildFile; fileRef = 48D98DB016FA9554007997D3 /* CardGame.m */; };
		48D98DAE16FA94D2007997D3 /* SetsCardGameViewController.m in Sources */ = {isa = PBXBuildFile; fileRef = 48D98DAD16FA94D2007997D3 /* SetsCardGameViewController.m */; };
		48D98DB116FA9554007997D3 /* CardGame.m in Sources */ = {isa = PBXBuildFile; fileRef = 48D98DB016FA9554007997D3 /* CardGame.m */; };
/* End PBXBuildFile section */

/* Begin PBXFileReference section */
		481E89291702452C00EE9988 /* MatchismoTests.octest */ = {isa = PBXFileReference; explicitFileType = wrapper.cfbundle; includeInIndex = 0; path = MatchismoTests.octest; sourceTree = BUILT_PRODUCTS_DIR; };
		481E892A1702452C00EE9988 /* SenTestingKit.framework */ = {isa = PBXFileReference; lastKnownFileType = wrapper.framework; name = SenTestingKit.framework; path = Library/Frameworks/SenTestingKit.framework; sourceTree = DEVELOPER_DIR; };
		481E89301702452C00EE9988 /* MatchismoTests-Info.plist */ = {isa = PBXFileReference; lastKnownFileType = text.plist.xml; path = "MatchismoTests-Info.plist"; sourceTree = "<group>"; };
		481E89321702452C00EE9988 /* en */ = {isa = PBXFileReference; lastKnownFileType = text.plist.strings; name = en; path = en.lproj/InfoPlist.strings; sourceTree = "<group>"; };
		481E89341702452C00EE9988 /* MatchismoTests.h */ = {isa = PBXFileReference; lastKnownFileType = sourcecode.c.h; name = MatchismoTests.h; path = MatchismoTests/MatchismoTests.h; sourceTree = "<group>"; };
		481E89351702452C00EE9988 /* MatchismoTests.m */ = {isa = PBXFileReference; lastKnownFileType = sourcecode.c.objc; name = MatchismoTests.m; path = MatchismoTests/MatchismoTests.m; sourceTree = "<group>"; };
		481E89371702452C00EE9988 /* MatchismoTests-Prefix.pch */ = {isa = PBXFileReference; lastKnownFileType = sourcecode.c.h; path = "MatchismoTests-Prefix.pch"; sourceTree = "<group>"; };
		482B277B16F8D389005BB9B6 /* playingcardback.png */ = {isa = PBXFileReference; lastKnownFileType = image.png; path = playingcardback.png; sourceTree = SOURCE_ROOT; };
		4833719A16F1A5D200436B7D /* CardMatchingGame.h */ = {isa = PBXFileReference; fileEncoding = 4; lastKnownFileType = sourcecode.c.h; path = CardMatchingGame.h; sourceTree = SOURCE_ROOT; };
		4833719B16F1A5D200436B7D /* CardMatchingGame.m */ = {isa = PBXFileReference; fileEncoding = 4; lastKnownFileType = sourcecode.c.objc; path = CardMatchingGame.m; sourceTree = SOURCE_ROOT; };
		483994F916F19231008811FF /* CardButton.h */ = {isa = PBXFileReference; fileEncoding = 4; lastKnownFileType = sourcecode.c.h; name = CardButton.h; path = Model/CardButton.h; sourceTree = SOURCE_ROOT; };
		483994FA16F19231008811FF /* CardButton.m */ = {isa = PBXFileReference; fileEncoding = 4; lastKnownFileType = sourcecode.c.objc; name = CardButton.m; path = Model/CardButton.m; sourceTree = SOURCE_ROOT; };
		483994FC16F19882008811FF /* GameResultsViewController.h */ = {isa = PBXFileReference; fileEncoding = 4; lastKnownFileType = sourcecode.c.h; path = GameResultsViewController.h; sourceTree = SOURCE_ROOT; };
		483994FD16F19882008811FF /* GameResultsViewController.m */ = {isa = PBXFileReference; fileEncoding = 4; lastKnownFileType = sourcecode.c.objc; path = GameResultsViewController.m; sourceTree = SOURCE_ROOT; };
		484FE2AB170C974100D93110 /* CardGameViewController.h */ = {isa = PBXFileReference; fileEncoding = 4; lastKnownFileType = sourcecode.c.h; path = CardGameViewController.h; sourceTree = SOURCE_ROOT; };
		484FE2AC170C974100D93110 /* CardGameViewController.m */ = {isa = PBXFileReference; fileEncoding = 4; lastKnownFileType = sourcecode.c.objc; path = CardGameViewController.m; sourceTree = SOURCE_ROOT; };
		489C4AE916F1459800DB98D9 /* Card.h */ = {isa = PBXFileReference; fileEncoding = 4; lastKnownFileType = sourcecode.c.h; name = Card.h; path = Model/Card.h; sourceTree = SOURCE_ROOT; };
		489C4AEA16F1459800DB98D9 /* Card.m */ = {isa = PBXFileReference; fileEncoding = 4; lastKnownFileType = sourcecode.c.objc; name = Card.m; path = Model/Card.m; sourceTree = SOURCE_ROOT; };
		489C4AEC16F145F800DB98D9 /* Deck.h */ = {isa = PBXFileReference; fileEncoding = 4; lastKnownFileType = sourcecode.c.h; name = Deck.h; path = Model/Deck.h; sourceTree = SOURCE_ROOT; };
		489C4AED16F145F800DB98D9 /* Deck.m */ = {isa = PBXFileReference; fileEncoding = 4; lastKnownFileType = sourcecode.c.objc; name = Deck.m; path = Model/Deck.m; sourceTree = SOURCE_ROOT; };
		489C4AEF16F1483700DB98D9 /* PlayingCard.h */ = {isa = PBXFileReference; fileEncoding = 4; lastKnownFileType = sourcecode.c.h; name = PlayingCard.h; path = Model/PlayingCard.h; sourceTree = SOURCE_ROOT; };
		489C4AF016F1483700DB98D9 /* PlayingCard.m */ = {isa = PBXFileReference; fileEncoding = 4; lastKnownFileType = sourcecode.c.objc; name = PlayingCard.m; path = Model/PlayingCard.m; sourceTree = SOURCE_ROOT; };
		489C4AF216F14F1A00DB98D9 /* PlayingCardDeck.h */ = {isa = PBXFileReference; fileEncoding = 4; lastKnownFileType = sourcecode.c.h; name = PlayingCardDeck.h; path = Model/PlayingCardDeck.h; sourceTree = SOURCE_ROOT; };
		489C4AF316F14F1A00DB98D9 /* PlayingCardDeck.m */ = {isa = PBXFileReference; fileEncoding = 4; lastKnownFileType = sourcecode.c.objc; name = PlayingCardDeck.m; path = Model/PlayingCardDeck.m; sourceTree = SOURCE_ROOT; };
		48ABE9FF16E957190055E822 /* Matchismo.app */ = {isa = PBXFileReference; explicitFileType = wrapper.application; includeInIndex = 0; path = Matchismo.app; sourceTree = BUILT_PRODUCTS_DIR; };
		48ABEA0216E957190055E822 /* UIKit.framework */ = {isa = PBXFileReference; lastKnownFileType = wrapper.framework; name = UIKit.framework; path = System/Library/Frameworks/UIKit.framework; sourceTree = SDKROOT; };
		48ABEA0416E957190055E822 /* Foundation.framework */ = {isa = PBXFileReference; lastKnownFileType = wrapper.framework; name = Foundation.framework; path = System/Library/Frameworks/Foundation.framework; sourceTree = SDKROOT; };
		48ABEA0616E957190055E822 /* CoreGraphics.framework */ = {isa = PBXFileReference; lastKnownFileType = wrapper.framework; name = CoreGraphics.framework; path = System/Library/Frameworks/CoreGraphics.framework; sourceTree = SDKROOT; };
		48ABEA0A16E957190055E822 /* Matchismo-Info.plist */ = {isa = PBXFileReference; lastKnownFileType = text.plist.xml; path = "Matchismo-Info.plist"; sourceTree = SOURCE_ROOT; };
		48ABEA0C16E957190055E822 /* en */ = {isa = PBXFileReference; lastKnownFileType = text.plist.strings; name = en; path = en.lproj/InfoPlist.strings; sourceTree = "<group>"; };
		48ABEA0E16E957190055E822 /* main.m */ = {isa = PBXFileReference; lastKnownFileType = sourcecode.c.objc; path = main.m; sourceTree = SOURCE_ROOT; };
		48ABEA1016E957190055E822 /* Matchismo-Prefix.pch */ = {isa = PBXFileReference; lastKnownFileType = sourcecode.c.h; path = "Matchismo-Prefix.pch"; sourceTree = SOURCE_ROOT; };
		48ABEA1116E957190055E822 /* CardGameAppDelegate.h */ = {isa = PBXFileReference; lastKnownFileType = sourcecode.c.h; path = CardGameAppDelegate.h; sourceTree = SOURCE_ROOT; };
		48ABEA1216E957190055E822 /* CardGameAppDelegate.m */ = {isa = PBXFileReference; lastKnownFileType = sourcecode.c.objc; path = CardGameAppDelegate.m; sourceTree = SOURCE_ROOT; };
		48ABEA1416E957190055E822 /* Default.png */ = {isa = PBXFileReference; lastKnownFileType = image.png; path = Default.png; sourceTree = SOURCE_ROOT; };
		48ABEA1616E957190055E822 /* Default@2x.png */ = {isa = PBXFileReference; lastKnownFileType = image.png; path = "Default@2x.png"; sourceTree = SOURCE_ROOT; };
		48ABEA1816E957190055E822 /* Default-568h@2x.png */ = {isa = PBXFileReference; lastKnownFileType = image.png; path = "Default-568h@2x.png"; sourceTree = SOURCE_ROOT; };
		48ABEA1B16E957190055E822 /* en */ = {isa = PBXFileReference; lastKnownFileType = file.storyboard; name = en; path = en.lproj/MainStoryboard.storyboard; sourceTree = "<group>"; };
		48ABEA1D16E957190055E822 /* MatchingGameViewController.h */ = {isa = PBXFileReference; lastKnownFileType = sourcecode.c.h; path = MatchingGameViewController.h; sourceTree = SOURCE_ROOT; };
		48ABEA1E16E957190055E822 /* MatchingGameViewController.m */ = {isa = PBXFileReference; lastKnownFileType = sourcecode.c.objc; path = MatchingGameViewController.m; sourceTree = SOURCE_ROOT; };
		48B3DBB316FAA1DB003C5E50 /* SetsCardGame.h */ = {isa = PBXFileReference; fileEncoding = 4; lastKnownFileType = sourcecode.c.h; name = SetsCardGame.h; path = Model/SetsCardGame.h; sourceTree = SOURCE_ROOT; };
		48B3DBB416FAA1DB003C5E50 /* SetsCardGame.m */ = {isa = PBXFileReference; fileEncoding = 4; lastKnownFileType = sourcecode.c.objc; name = SetsCardGame.m; path = Model/SetsCardGame.m; sourceTree = SOURCE_ROOT; };
		48B3DBB616FC1448003C5E50 /* SetsCard.h */ = {isa = PBXFileReference; fileEncoding = 4; lastKnownFileType = sourcecode.c.h; name = SetsCard.h; path = Model/SetsCard.h; sourceTree = SOURCE_ROOT; };
		48B3DBB716FC1448003C5E50 /* SetsCard.m */ = {isa = PBXFileReference; fileEncoding = 4; lastKnownFileType = sourcecode.c.objc; name = SetsCard.m; path = Model/SetsCard.m; sourceTree = SOURCE_ROOT; };
		48B3DBB916FC268B003C5E50 /* SetsCardDeck.h */ = {isa = PBXFileReference; fileEncoding = 4; lastKnownFileType = sourcecode.c.h; path = SetsCardDeck.h; sourceTree = SOURCE_ROOT; };
		48B3DBBA16FC268B003C5E50 /* SetsCardDeck.m */ = {isa = PBXFileReference; fileEncoding = 4; lastKnownFileType = sourcecode.c.objc; path = SetsCardDeck.m; sourceTree = SOURCE_ROOT; };
		48C1DA75170B337900A7E3D4 /* SetsGameTests.h */ = {isa = PBXFileReference; fileEncoding = 4; lastKnownFileType = sourcecode.c.h; name = SetsGameTests.h; path = Tests/SetsGameTests.h; sourceTree = "<group>"; };
		48C1DA76170B337900A7E3D4 /* SetsGameTests.m */ = {isa = PBXFileReference; fileEncoding = 4; lastKnownFileType = sourcecode.c.objc; name = SetsGameTests.m; path = Tests/SetsGameTests.m; sourceTree = "<group>"; };
		48D98DAC16FA94D2007997D3 /* SetsCardGameViewController.h */ = {isa = PBXFileReference; fileEncoding = 4; lastKnownFileType = sourcecode.c.h; path = SetsCardGameViewController.h; sourceTree = SOURCE_ROOT; };
		48D98DAD16FA94D2007997D3 /* SetsCardGameViewController.m */ = {isa = PBXFileReference; fileEncoding = 4; lastKnownFileType = sourcecode.c.objc; path = SetsCardGameViewController.m; sourceTree = SOURCE_ROOT; };
		48D98DAF16FA9554007997D3 /* CardGame.h */ = {isa = PBXFileReference; fileEncoding = 4; lastKnownFileType = sourcecode.c.h; name = CardGame.h; path = Model/CardGame.h; sourceTree = SOURCE_ROOT; };
		48D98DB016FA9554007997D3 /* CardGame.m */ = {isa = PBXFileReference; fileEncoding = 4; lastKnownFileType = sourcecode.c.objc; name = CardGame.m; path = Model/CardGame.m; sourceTree = SOURCE_ROOT; };
/* End PBXFileReference section */

/* Begin PBXFrameworksBuildPhase section */
		481E89251702452C00EE9988 /* Frameworks */ = {
			isa = PBXFrameworksBuildPhase;
			buildActionMask = 2147483647;
			files = (
				481E892B1702452C00EE9988 /* SenTestingKit.framework in Frameworks */,
				481E892D1702452C00EE9988 /* Foundation.framework in Frameworks */,
				481E892C1702452C00EE9988 /* UIKit.framework in Frameworks */,
			);
			runOnlyForDeploymentPostprocessing = 0;
		};
		48ABE9FC16E957190055E822 /* Frameworks */ = {
			isa = PBXFrameworksBuildPhase;
			buildActionMask = 2147483647;
			files = (
				48ABEA0716E957190055E822 /* CoreGraphics.framework in Frameworks */,
				48ABEA0316E957190055E822 /* UIKit.framework in Frameworks */,
				48ABEA0516E957190055E822 /* Foundation.framework in Frameworks */,
			);
			runOnlyForDeploymentPostprocessing = 0;
		};
/* End PBXFrameworksBuildPhase section */

/* Begin PBXGroup section */
		481E89231702402200EE9988 /* Tests */ = {
			isa = PBXGroup;
			children = (
				48C1DA75170B337900A7E3D4 /* SetsGameTests.h */,
				48C1DA76170B337900A7E3D4 /* SetsGameTests.m */,
				481E89341702452C00EE9988 /* MatchismoTests.h */,
				481E89351702452C00EE9988 /* MatchismoTests.m */,
			);
			name = Tests;
			sourceTree = "<group>";
		};
		481E892E1702452C00EE9988 /* MatchismoTests */ = {
			isa = PBXGroup;
			children = (
				481E892F1702452C00EE9988 /* Supporting Files */,
			);
			path = MatchismoTests;
			sourceTree = "<group>";
		};
		481E892F1702452C00EE9988 /* Supporting Files */ = {
			isa = PBXGroup;
			children = (
				481E89301702452C00EE9988 /* MatchismoTests-Info.plist */,
				481E89311702452C00EE9988 /* InfoPlist.strings */,
				481E89371702452C00EE9988 /* MatchismoTests-Prefix.pch */,
			);
			name = "Supporting Files";
			sourceTree = "<group>";
		};
		4833719916F1A56100436B7D /* Model */ = {
			isa = PBXGroup;
			children = (
				4833719A16F1A5D200436B7D /* CardMatchingGame.h */,
				4833719B16F1A5D200436B7D /* CardMatchingGame.m */,
				48D98DAF16FA9554007997D3 /* CardGame.h */,
				48D98DB016FA9554007997D3 /* CardGame.m */,
				48B3DBB316FAA1DB003C5E50 /* SetsCardGame.h */,
				48B3DBB416FAA1DB003C5E50 /* SetsCardGame.m */,
				483994F916F19231008811FF /* CardButton.h */,
				483994FA16F19231008811FF /* CardButton.m */,
				489C4AE916F1459800DB98D9 /* Card.h */,
				489C4AEA16F1459800DB98D9 /* Card.m */,
				48B3DBB616FC1448003C5E50 /* SetsCard.h */,
				48B3DBB716FC1448003C5E50 /* SetsCard.m */,
				489C4AEF16F1483700DB98D9 /* PlayingCard.h */,
				489C4AF016F1483700DB98D9 /* PlayingCard.m */,
				489C4AF216F14F1A00DB98D9 /* PlayingCardDeck.h */,
				489C4AF316F14F1A00DB98D9 /* PlayingCardDeck.m */,
				48B3DBB916FC268B003C5E50 /* SetsCardDeck.h */,
				48B3DBBA16FC268B003C5E50 /* SetsCardDeck.m */,
				489C4AEC16F145F800DB98D9 /* Deck.h */,
				489C4AED16F145F800DB98D9 /* Deck.m */,
			);
			name = Model;
			sourceTree = "<group>";
		};
		48ABE9F616E957190055E822 = {
			isa = PBXGroup;
			children = (
				481E89231702402200EE9988 /* Tests */,
				48ABEA0816E957190055E822 /* Matchismo */,
				481E892E1702452C00EE9988 /* MatchismoTests */,
				48ABEA0116E957190055E822 /* Frameworks */,
				48ABEA0016E957190055E822 /* Products */,
			);
			sourceTree = "<group>";
		};
		48ABEA0016E957190055E822 /* Products */ = {
			isa = PBXGroup;
			children = (
				48ABE9FF16E957190055E822 /* Matchismo.app */,
				481E89291702452C00EE9988 /* MatchismoTests.octest */,
			);
			name = Products;
			sourceTree = "<group>";
		};
		48ABEA0116E957190055E822 /* Frameworks */ = {
			isa = PBXGroup;
			children = (
				48ABEA0216E957190055E822 /* UIKit.framework */,
				48ABEA0416E957190055E822 /* Foundation.framework */,
				48ABEA0616E957190055E822 /* CoreGraphics.framework */,
				481E892A1702452C00EE9988 /* SenTestingKit.framework */,
			);
			name = Frameworks;
			sourceTree = "<group>";
		};
		48ABEA0816E957190055E822 /* Matchismo */ = {
			isa = PBXGroup;
			children = (
				48ABEA1116E957190055E822 /* CardGameAppDelegate.h */,
				48ABEA1216E957190055E822 /* CardGameAppDelegate.m */,
				48ABEA1A16E957190055E822 /* MainStoryboard.storyboard */,
				48D98DAC16FA94D2007997D3 /* SetsCardGameViewController.h */,
				48D98DAD16FA94D2007997D3 /* SetsCardGameViewController.m */,
				483994FC16F19882008811FF /* GameResultsViewController.h */,
				483994FD16F19882008811FF /* GameResultsViewController.m */,
				48ABEA1D16E957190055E822 /* MatchingGameViewController.h */,
				48ABEA1E16E957190055E822 /* MatchingGameViewController.m */,
				484FE2AB170C974100D93110 /* CardGameViewController.h */,
				484FE2AC170C974100D93110 /* CardGameViewController.m */,
				4833719916F1A56100436B7D /* Model */,
				48ABEA0916E957190055E822 /* Supporting Files */,
			);
			path = Matchismo;
			sourceTree = "<group>";
		};
		48ABEA0916E957190055E822 /* Supporting Files */ = {
			isa = PBXGroup;
			children = (
				482B277B16F8D389005BB9B6 /* playingcardback.png */,
				48ABEA0A16E957190055E822 /* Matchismo-Info.plist */,
				48ABEA0B16E957190055E822 /* InfoPlist.strings */,
				48ABEA0E16E957190055E822 /* main.m */,
				48ABEA1016E957190055E822 /* Matchismo-Prefix.pch */,
				48ABEA1416E957190055E822 /* Default.png */,
				48ABEA1616E957190055E822 /* Default@2x.png */,
				48ABEA1816E957190055E822 /* Default-568h@2x.png */,
			);
			name = "Supporting Files";
			sourceTree = "<group>";
		};
/* End PBXGroup section */

/* Begin PBXNativeTarget section */
		481E89281702452C00EE9988 /* MatchismoTests */ = {
			isa = PBXNativeTarget;
			buildConfigurationList = 481E89381702452C00EE9988 /* Build configuration list for PBXNativeTarget "MatchismoTests" */;
			buildPhases = (
				481E89241702452C00EE9988 /* Sources */,
				481E89251702452C00EE9988 /* Frameworks */,
				481E89261702452C00EE9988 /* Resources */,
				481E89271702452C00EE9988 /* ShellScript */,
			);
			buildRules = (
			);
			dependencies = (
			);
			name = MatchismoTests;
			productName = MatchismoTests;
			productReference = 481E89291702452C00EE9988 /* MatchismoTests.octest */;
			productType = "com.apple.product-type.bundle";
		};
		48ABE9FE16E957190055E822 /* Matchismo */ = {
			isa = PBXNativeTarget;
			buildConfigurationList = 48ABEA2216E957190055E822 /* Build configuration list for PBXNativeTarget "Matchismo" */;
			buildPhases = (
				48ABE9FB16E957190055E822 /* Sources */,
				48ABE9FC16E957190055E822 /* Frameworks */,
				48ABE9FD16E957190055E822 /* Resources */,
			);
			buildRules = (
			);
			dependencies = (
			);
			name = Matchismo;
			productName = Matchismo;
			productReference = 48ABE9FF16E957190055E822 /* Matchismo.app */;
			productType = "com.apple.product-type.application";
		};
/* End PBXNativeTarget section */

/* Begin PBXProject section */
		48ABE9F716E957190055E822 /* Project object */ = {
			isa = PBXProject;
			attributes = {
				CLASSPREFIX = CardGame;
				LastUpgradeCheck = 0500;
				ORGANIZATIONNAME = "Redtail Software, Inc";
			};
			buildConfigurationList = 48ABE9FA16E957190055E822 /* Build configuration list for PBXProject "Matchismo" */;
			compatibilityVersion = "Xcode 3.2";
			developmentRegion = English;
			hasScannedForEncodings = 0;
			knownRegions = (
				en,
			);
			mainGroup = 48ABE9F616E957190055E822;
			productRefGroup = 48ABEA0016E957190055E822 /* Products */;
			projectDirPath = "";
			projectRoot = "";
			targets = (
				48ABE9FE16E957190055E822 /* Matchismo */,
				481E89281702452C00EE9988 /* MatchismoTests */,
			);
		};
/* End PBXProject section */

/* Begin PBXResourcesBuildPhase section */
		481E89261702452C00EE9988 /* Resources */ = {
			isa = PBXResourcesBuildPhase;
			buildActionMask = 2147483647;
			files = (
				481E89331702452C00EE9988 /* InfoPlist.strings in Resources */,
			);
			runOnlyForDeploymentPostprocessing = 0;
		};
		48ABE9FD16E957190055E822 /* Resources */ = {
			isa = PBXResourcesBuildPhase;
			buildActionMask = 2147483647;
			files = (
				48ABEA1716E957190055E822 /* Default@2x.png in Resources */,
				48ABEA1C16E957190055E822 /* MainStoryboard.storyboard in Resources */,
				48ABEA1916E957190055E822 /* Default-568h@2x.png in Resources */,
				48ABEA0D16E957190055E822 /* InfoPlist.strings in Resources */,
				48ABEA1516E957190055E822 /* Default.png in Resources */,
				482B277C16F8D389005BB9B6 /* playingcardback.png in Resources */,
			);
			runOnlyForDeploymentPostprocessing = 0;
		};
/* End PBXResourcesBuildPhase section */

/* Begin PBXShellScriptBuildPhase section */
		481E89271702452C00EE9988 /* ShellScript */ = {
			isa = PBXShellScriptBuildPhase;
			buildActionMask = 2147483647;
			files = (
			);
			inputPaths = (
			);
			outputPaths = (
			);
			runOnlyForDeploymentPostprocessing = 0;
			shellPath = /bin/sh;
			shellScript = "# Run the unit tests in this test bundle.\n\"${SYSTEM_DEVELOPER_DIR}/Tools/RunUnitTests\"\n";
		};
/* End PBXShellScriptBuildPhase section */

/* Begin PBXSourcesBuildPhase section */
		481E89241702452C00EE9988 /* Sources */ = {
			isa = PBXSourcesBuildPhase;
			buildActionMask = 2147483647;
			files = (
				48C1DA7A170B371F00A7E3D4 /* Card.m in Sources */,
				48C1DA7B170B372700A7E3D4 /* CardGame.m in Sources */,
				48C1DA79170B36F000A7E3D4 /* SetsCardGame.m in Sources */,
				48C1DA78170B36EA00A7E3D4 /* SetsCard.m in Sources */,
				48C1DA77170B337900A7E3D4 /* SetsGameTests.m in Sources */,
				481E89361702452C00EE9988 /* MatchismoTests.m in Sources */,
			);
			runOnlyForDeploymentPostprocessing = 0;
		};
		48ABE9FB16E957190055E822 /* Sources */ = {
			isa = PBXSourcesBuildPhase;
			buildActionMask = 2147483647;
			files = (
				48B3DBB516FAA1DB003C5E50 /* SetsCardGame.m in Sources */,
				489C4AF116F1483700DB98D9 /* PlayingCard.m in Sources */,
				48D98DB116FA9554007997D3 /* CardGame.m in Sources */,
				48D98DAE16FA94D2007997D3 /* SetsCardGameViewController.m in Sources */,
				483994FE16F19882008811FF /* GameResultsViewController.m in Sources */,
				4833719C16F1A5D200436B7D /* CardMatchingGame.m in Sources */,
				484FE2AD170C974100D93110 /* CardGameViewController.m in Sources */,
				48B3DBB816FC1448003C5E50 /* SetsCard.m in Sources */,
				48B3DBBB16FC268B003C5E50 /* SetsCardDeck.m in Sources */,
				489C4AEE16F145F800DB98D9 /* Deck.m in Sources */,
				48ABEA1316E957190055E822 /* CardGameAppDelegate.m in Sources */,
				4891A46116FA29EC002FED19 /* Card.m in Sources */,
				48ABEA1F16E957190055E822 /* MatchingGameViewController.m in Sources */,
				489C4AF416F14F1A00DB98D9 /* PlayingCardDeck.m in Sources */,
				483994FB16F19231008811FF /* CardButton.m in Sources */,
				48ABEA0F16E957190055E822 /* main.m in Sources */,
			);
			runOnlyForDeploymentPostprocessing = 0;
		};
/* End PBXSourcesBuildPhase section */

/* Begin PBXVariantGroup section */
		481E89311702452C00EE9988 /* InfoPlist.strings */ = {
			isa = PBXVariantGroup;
			children = (
				481E89321702452C00EE9988 /* en */,
			);
			name = InfoPlist.strings;
			sourceTree = "<group>";
		};
		48ABEA0B16E957190055E822 /* InfoPlist.strings */ = {
			isa = PBXVariantGroup;
			children = (
				48ABEA0C16E957190055E822 /* en */,
			);
			name = InfoPlist.strings;
			sourceTree = SOURCE_ROOT;
		};
		48ABEA1A16E957190055E822 /* MainStoryboard.storyboard */ = {
			isa = PBXVariantGroup;
			children = (
				48ABEA1B16E957190055E822 /* en */,
			);
			name = MainStoryboard.storyboard;
			sourceTree = SOURCE_ROOT;
		};
/* End PBXVariantGroup section */

/* Begin XCBuildConfiguration section */
		481E89391702452C00EE9988 /* Debug */ = {
			isa = XCBuildConfiguration;
			buildSettings = {
				CLANG_WARN_BOOL_CONVERSION = YES;
				FRAMEWORK_SEARCH_PATHS = (
					"\"$(SDKROOT)/Developer/Library/Frameworks\"",
					"\"$(DEVELOPER_LIBRARY_DIR)/Frameworks\"",
				);
				GCC_PRECOMPILE_PREFIX_HEADER = YES;
				GCC_PREFIX_HEADER = "MatchismoTests/MatchismoTests-Prefix.pch";
				GCC_PREPROCESSOR_DEFINITIONS = (
					"DEBUG=1",
					"$(inherited)",
				);
				GCC_WARN_UNDECLARED_SELECTOR = YES;
				INFOPLIST_FILE = "MatchismoTests/MatchismoTests-Info.plist";
				IPHONEOS_DEPLOYMENT_TARGET = 6.1;
				PRODUCT_NAME = "$(TARGET_NAME)";
				WRAPPER_EXTENSION = octest;
			};
			name = Debug;
		};
		481E893A1702452C00EE9988 /* Release */ = {
			isa = XCBuildConfiguration;
			buildSettings = {
				CLANG_WARN_BOOL_CONVERSION = YES;
				FRAMEWORK_SEARCH_PATHS = (
					"\"$(SDKROOT)/Developer/Library/Frameworks\"",
					"\"$(DEVELOPER_LIBRARY_DIR)/Frameworks\"",
				);
				GCC_PRECOMPILE_PREFIX_HEADER = YES;
				GCC_PREFIX_HEADER = "MatchismoTests/MatchismoTests-Prefix.pch";
				GCC_WARN_UNDECLARED_SELECTOR = YES;
				INFOPLIST_FILE = "MatchismoTests/MatchismoTests-Info.plist";
				IPHONEOS_DEPLOYMENT_TARGET = 6.1;
				PRODUCT_NAME = "$(TARGET_NAME)";
				WRAPPER_EXTENSION = octest;
			};
			name = Release;
		};
		48ABEA2016E957190055E822 /* Debug */ = {
			isa = XCBuildConfiguration;
			buildSettings = {
				ALWAYS_SEARCH_USER_PATHS = NO;
				CLANG_CXX_LANGUAGE_STANDARD = "gnu++0x";
				CLANG_CXX_LIBRARY = "libc++";
				CLANG_ENABLE_OBJC_ARC = YES;
				CLANG_WARN_CONSTANT_CONVERSION = YES;
				CLANG_WARN_EMPTY_BODY = YES;
				CLANG_WARN_ENUM_CONVERSION = YES;
				CLANG_WARN_INT_CONVERSION = YES;
				CLANG_WARN_OBJC_ROOT_CLASS = YES_ERROR;
				CLANG_WARN__DUPLICATE_METHOD_MATCH = YES;
				"CODE_SIGN_IDENTITY[sdk=iphoneos*]" = "iPhone Developer";
				COPY_PHASE_STRIP = NO;
				GCC_C_LANGUAGE_STANDARD = gnu99;
				GCC_DYNAMIC_NO_PIC = NO;
				GCC_OPTIMIZATION_LEVEL = 0;
				GCC_PREPROCESSOR_DEFINITIONS = (
					"DEBUG=1",
					"$(inherited)",
				);
				GCC_SYMBOLS_PRIVATE_EXTERN = NO;
				GCC_WARN_ABOUT_RETURN_TYPE = YES;
				GCC_WARN_UNINITIALIZED_AUTOS = YES;
				GCC_WARN_UNUSED_VARIABLE = YES;
				IPHONEOS_DEPLOYMENT_TARGET = 6.0;
				ONLY_ACTIVE_ARCH = YES;
				SDKROOT = iphoneos;
			};
			name = Debug;
		};
		48ABEA2116E957190055E822 /* Release */ = {
			isa = XCBuildConfiguration;
			buildSettings = {
				ALWAYS_SEARCH_USER_PATHS = NO;
				CLANG_CXX_LANGUAGE_STANDARD = "gnu++0x";
				CLANG_CXX_LIBRARY = "libc++";
				CLANG_ENABLE_OBJC_ARC = YES;
				CLANG_WARN_CONSTANT_CONVERSION = YES;
				CLANG_WARN_EMPTY_BODY = YES;
				CLANG_WARN_ENUM_CONVERSION = YES;
				CLANG_WARN_INT_CONVERSION = YES;
				CLANG_WARN_OBJC_ROOT_CLASS = YES_ERROR;
				CLANG_WARN__DUPLICATE_METHOD_MATCH = YES;
				"CODE_SIGN_IDENTITY[sdk=iphoneos*]" = "iPhone Developer";
				COPY_PHASE_STRIP = YES;
				ENABLE_NS_ASSERTIONS = NO;
				GCC_C_LANGUAGE_STANDARD = gnu99;
				GCC_WARN_ABOUT_RETURN_TYPE = YES;
				GCC_WARN_UNINITIALIZED_AUTOS = YES;
				GCC_WARN_UNUSED_VARIABLE = YES;
				IPHONEOS_DEPLOYMENT_TARGET = 6.0;
				SDKROOT = iphoneos;
				VALIDATE_PRODUCT = YES;
			};
			name = Release;
		};
		48ABEA2316E957190055E822 /* Debug */ = {
			isa = XCBuildConfiguration;
			buildSettings = {
				GCC_PRECOMPILE_PREFIX_HEADER = YES;
				GCC_PREFIX_HEADER = "Matchismo-Prefix.pch";
				INFOPLIST_FILE = "$(SRCROOT)/Matchismo-Info.plist";
				PRODUCT_NAME = "$(TARGET_NAME)";
				WRAPPER_EXTENSION = app;
			};
			name = Debug;
		};
		48ABEA2416E957190055E822 /* Release */ = {
			isa = XCBuildConfiguration;
			buildSettings = {
				GCC_PRECOMPILE_PREFIX_HEADER = YES;
				GCC_PREFIX_HEADER = "Matchismo-Prefix.pch";
				INFOPLIST_FILE = "$(SRCROOT)/Matchismo-Info.plist";
				PRODUCT_NAME = "$(TARGET_NAME)";
				WRAPPER_EXTENSION = app;
			};
			name = Release;
		};
/* End XCBuildConfiguration section */

/* Begin XCConfigurationList section */
		481E89381702452C00EE9988 /* Build configuration list for PBXNativeTarget "MatchismoTests" */ = {
			isa = XCConfigurationList;
			buildConfigurations = (
				481E89391702452C00EE9988 /* Debug */,
				481E893A1702452C00EE9988 /* Release */,
			);
			defaultConfigurationIsVisible = 0;
			defaultConfigurationName = Release;
		};
		48ABE9FA16E957190055E822 /* Build configuration list for PBXProject "Matchismo" */ = {
			isa = XCConfigurationList;
			buildConfigurations = (
				48ABEA2016E957190055E822 /* Debug */,
				48ABEA2116E957190055E822 /* Release */,
			);
			defaultConfigurationIsVisible = 0;
			defaultConfigurationName = Release;
		};
		48ABEA2216E957190055E822 /* Build configuration list for PBXNativeTarget "Matchismo" */ = {
			isa = XCConfigurationList;
			buildConfigurations = (
				48ABEA2316E957190055E822 /* Debug */,
				48ABEA2416E957190055E822 /* Release */,
			);
			defaultConfigurationIsVisible = 0;
			defaultConfigurationName = Release;
		};
/* End XCConfigurationList section */
	};
	rootObject = 48ABE9F716E957190055E822 /* Project object */;
}
